// !$*UTF8*$!
{
	archiveVersion = 1;
	classes = {
	};
	objectVersion = 56;
	objects = {

/* Begin PBXBuildFile section */
		5212E24F2BBA6CF500312908 /* AppDelegate.swift in Sources */ = {isa = PBXBuildFile; fileRef = 5212E24E2BBA6CF500312908 /* AppDelegate.swift */; };
		5212E2512BBA6CF500312908 /* SceneDelegate.swift in Sources */ = {isa = PBXBuildFile; fileRef = 5212E2502BBA6CF500312908 /* SceneDelegate.swift */; };
		5212E2532BBA6CF500312908 /* ViewController.swift in Sources */ = {isa = PBXBuildFile; fileRef = 5212E2522BBA6CF500312908 /* ViewController.swift */; };
		5212E2562BBA6CF500312908 /* Main.storyboard in Resources */ = {isa = PBXBuildFile; fileRef = 5212E2542BBA6CF500312908 /* Main.storyboard */; };
		5212E2582BBA6CF700312908 /* Assets.xcassets in Resources */ = {isa = PBXBuildFile; fileRef = 5212E2572BBA6CF700312908 /* Assets.xcassets */; };
		5212E25B2BBA6CF700312908 /* LaunchScreen.storyboard in Resources */ = {isa = PBXBuildFile; fileRef = 5212E2592BBA6CF700312908 /* LaunchScreen.storyboard */; };
		524EF7E92BBB6B3C00496CCC /* BottomCell.swift in Sources */ = {isa = PBXBuildFile; fileRef = 524EF7E82BBB6B3C00496CCC /* BottomCell.swift */; };
		FAAC02522BBAC83700BC98D5 /* appleItems.swift in Sources */ = {isa = PBXBuildFile; fileRef = FAAC02512BBAC83700BC98D5 /* appleItems.swift */; };
/* End PBXBuildFile section */

/* Begin PBXFileReference section */
		5212E24B2BBA6CF500312908 /* AppleStore.app */ = {isa = PBXFileReference; explicitFileType = wrapper.application; includeInIndex = 0; path = AppleStore.app; sourceTree = BUILT_PRODUCTS_DIR; };
		5212E24E2BBA6CF500312908 /* AppDelegate.swift */ = {isa = PBXFileReference; lastKnownFileType = sourcecode.swift; path = AppDelegate.swift; sourceTree = "<group>"; };
		5212E2502BBA6CF500312908 /* SceneDelegate.swift */ = {isa = PBXFileReference; lastKnownFileType = sourcecode.swift; path = SceneDelegate.swift; sourceTree = "<group>"; };
		5212E2522BBA6CF500312908 /* ViewController.swift */ = {isa = PBXFileReference; lastKnownFileType = sourcecode.swift; path = ViewController.swift; sourceTree = "<group>"; };
		5212E2552BBA6CF500312908 /* Base */ = {isa = PBXFileReference; lastKnownFileType = file.storyboard; name = Base; path = Base.lproj/Main.storyboard; sourceTree = "<group>"; };
		5212E2572BBA6CF700312908 /* Assets.xcassets */ = {isa = PBXFileReference; lastKnownFileType = folder.assetcatalog; path = Assets.xcassets; sourceTree = "<group>"; };
		5212E25A2BBA6CF700312908 /* Base */ = {isa = PBXFileReference; lastKnownFileType = file.storyboard; name = Base; path = Base.lproj/LaunchScreen.storyboard; sourceTree = "<group>"; };
		5212E25C2BBA6CF700312908 /* Info.plist */ = {isa = PBXFileReference; lastKnownFileType = text.plist.xml; path = Info.plist; sourceTree = "<group>"; };
		524EF7E82BBB6B3C00496CCC /* BottomCell.swift */ = {isa = PBXFileReference; lastKnownFileType = sourcecode.swift; path = BottomCell.swift; sourceTree = "<group>"; };
		FAAC02512BBAC83700BC98D5 /* appleItems.swift */ = {isa = PBXFileReference; lastKnownFileType = sourcecode.swift; path = appleItems.swift; sourceTree = "<group>"; };
/* End PBXFileReference section */

/* Begin PBXFrameworksBuildPhase section */
		5212E2482BBA6CF500312908 /* Frameworks */ = {
			isa = PBXFrameworksBuildPhase;
			buildActionMask = 2147483647;
			files = (
			);
			runOnlyForDeploymentPostprocessing = 0;
		};
/* End PBXFrameworksBuildPhase section */

/* Begin PBXGroup section */
		5212E2422BBA6CF500312908 = {
			isa = PBXGroup;
			children = (
				5212E24D2BBA6CF500312908 /* AppleStore */,
				5212E24C2BBA6CF500312908 /* Products */,
			);
			sourceTree = "<group>";
		};
		5212E24C2BBA6CF500312908 /* Products */ = {
			isa = PBXGroup;
			children = (
				5212E24B2BBA6CF500312908 /* AppleStore.app */,
			);
			name = Products;
			sourceTree = "<group>";
		};
		5212E24D2BBA6CF500312908 /* AppleStore */ = {
			isa = PBXGroup;
			children = (
				5212E24E2BBA6CF500312908 /* AppDelegate.swift */,
				5212E2502BBA6CF500312908 /* SceneDelegate.swift */,
				FAAC02502BBAC7E900BC98D5 /* contorllers */,
				FAAC024F2BBAC7E000BC98D5 /* views */,
				FAAC024E2BBAC7D300BC98D5 /* models */,
				5212E2572BBA6CF700312908 /* Assets.xcassets */,
				5212E25C2BBA6CF700312908 /* Info.plist */,
			);
			path = AppleStore;
			sourceTree = "<group>";
		};
		FAAC024E2BBAC7D300BC98D5 /* models */ = {
			isa = PBXGroup;
			children = (
				FAAC02512BBAC83700BC98D5 /* appleItems.swift */,
				524EF7E82BBB6B3C00496CCC /* BottomCell.swift */,
			);
			path = models;
			sourceTree = "<group>";
		};
		FAAC024F2BBAC7E000BC98D5 /* views */ = {
			isa = PBXGroup;
			children = (
				5212E2542BBA6CF500312908 /* Main.storyboard */,
				5212E2592BBA6CF700312908 /* LaunchScreen.storyboard */,
			);
			path = views;
			sourceTree = "<group>";
		};
		FAAC02502BBAC7E900BC98D5 /* contorllers */ = {
			isa = PBXGroup;
			children = (
				5212E2522BBA6CF500312908 /* ViewController.swift */,
			);
			path = contorllers;
			sourceTree = "<group>";
		};
/* End PBXGroup section */

/* Begin PBXNativeTarget section */
		5212E24A2BBA6CF500312908 /* AppleStore */ = {
			isa = PBXNativeTarget;
			buildConfigurationList = 5212E25F2BBA6CF700312908 /* Build configuration list for PBXNativeTarget "AppleStore" */;
			buildPhases = (
				5212E2472BBA6CF500312908 /* Sources */,
				5212E2482BBA6CF500312908 /* Frameworks */,
				5212E2492BBA6CF500312908 /* Resources */,
			);
			buildRules = (
			);
			dependencies = (
			);
			name = AppleStore;
			productName = AppleStore;
			productReference = 5212E24B2BBA6CF500312908 /* AppleStore.app */;
			productType = "com.apple.product-type.application";
		};
/* End PBXNativeTarget section */

/* Begin PBXProject section */
		5212E2432BBA6CF500312908 /* Project object */ = {
			isa = PBXProject;
			attributes = {
				BuildIndependentTargetsInParallel = 1;
				LastSwiftUpdateCheck = 1500;
				LastUpgradeCheck = 1500;
				TargetAttributes = {
					5212E24A2BBA6CF500312908 = {
						CreatedOnToolsVersion = 15.0.1;
					};
				};
			};
			buildConfigurationList = 5212E2462BBA6CF500312908 /* Build configuration list for PBXProject "AppleStore" */;
			compatibilityVersion = "Xcode 14.0";
			developmentRegion = en;
			hasScannedForEncodings = 0;
			knownRegions = (
				en,
				Base,
			);
			mainGroup = 5212E2422BBA6CF500312908;
			productRefGroup = 5212E24C2BBA6CF500312908 /* Products */;
			projectDirPath = "";
			projectRoot = "";
			targets = (
				5212E24A2BBA6CF500312908 /* AppleStore */,
			);
		};
/* End PBXProject section */

/* Begin PBXResourcesBuildPhase section */
		5212E2492BBA6CF500312908 /* Resources */ = {
			isa = PBXResourcesBuildPhase;
			buildActionMask = 2147483647;
			files = (
				5212E25B2BBA6CF700312908 /* LaunchScreen.storyboard in Resources */,
				5212E2582BBA6CF700312908 /* Assets.xcassets in Resources */,
				5212E2562BBA6CF500312908 /* Main.storyboard in Resources */,
			);
			runOnlyForDeploymentPostprocessing = 0;
		};
/* End PBXResourcesBuildPhase section */

/* Begin PBXSourcesBuildPhase section */
		5212E2472BBA6CF500312908 /* Sources */ = {
			isa = PBXSourcesBuildPhase;
			buildActionMask = 2147483647;
			files = (
				524EF7E92BBB6B3C00496CCC /* BottomCell.swift in Sources */,
				5212E2532BBA6CF500312908 /* ViewController.swift in Sources */,
				5212E24F2BBA6CF500312908 /* AppDelegate.swift in Sources */,
				5212E2512BBA6CF500312908 /* SceneDelegate.swift in Sources */,
				FAAC02522BBAC83700BC98D5 /* appleItems.swift in Sources */,
			);
			runOnlyForDeploymentPostprocessing = 0;
		};
/* End PBXSourcesBuildPhase section */

/* Begin PBXVariantGroup section */
		5212E2542BBA6CF500312908 /* Main.storyboard */ = {
			isa = PBXVariantGroup;
			children = (
				5212E2552BBA6CF500312908 /* Base */,
			);
			name = Main.storyboard;
			sourceTree = "<group>";
		};
		5212E2592BBA6CF700312908 /* LaunchScreen.storyboard */ = {
			isa = PBXVariantGroup;
			children = (
				5212E25A2BBA6CF700312908 /* Base */,
			);
			name = LaunchScreen.storyboard;
			sourceTree = "<group>";
		};
/* End PBXVariantGroup section */

/* Begin XCBuildConfiguration section */
		5212E25D2BBA6CF700312908 /* Debug */ = {
			isa = XCBuildConfiguration;
			buildSettings = {
				ALWAYS_SEARCH_USER_PATHS = NO;
				ASSETCATALOG_COMPILER_GENERATE_SWIFT_ASSET_SYMBOL_EXTENSIONS = YES;
				CLANG_ANALYZER_NONNULL = YES;
				CLANG_ANALYZER_NUMBER_OBJECT_CONVERSION = YES_AGGRESSIVE;
				CLANG_CXX_LANGUAGE_STANDARD = "gnu++20";
				CLANG_ENABLE_MODULES = YES;
				CLANG_ENABLE_OBJC_ARC = YES;
				CLANG_ENABLE_OBJC_WEAK = YES;
				CLANG_WARN_BLOCK_CAPTURE_AUTORELEASING = YES;
				CLANG_WARN_BOOL_CONVERSION = YES;
				CLANG_WARN_COMMA = YES;
				CLANG_WARN_CONSTANT_CONVERSION = YES;
				CLANG_WARN_DEPRECATED_OBJC_IMPLEMENTATIONS = YES;
				CLANG_WARN_DIRECT_OBJC_ISA_USAGE = YES_ERROR;
				CLANG_WARN_DOCUMENTATION_COMMENTS = YES;
				CLANG_WARN_EMPTY_BODY = YES;
				CLANG_WARN_ENUM_CONVERSION = YES;
				CLANG_WARN_INFINITE_RECURSION = YES;
				CLANG_WARN_INT_CONVERSION = YES;
				CLANG_WARN_NON_LITERAL_NULL_CONVERSION = YES;
				CLANG_WARN_OBJC_IMPLICIT_RETAIN_SELF = YES;
				CLANG_WARN_OBJC_LITERAL_CONVERSION = YES;
				CLANG_WARN_OBJC_ROOT_CLASS = YES_ERROR;
				CLANG_WARN_QUOTED_INCLUDE_IN_FRAMEWORK_HEADER = YES;
				CLANG_WARN_RANGE_LOOP_ANALYSIS = YES;
				CLANG_WARN_STRICT_PROTOTYPES = YES;
				CLANG_WARN_SUSPICIOUS_MOVE = YES;
				CLANG_WARN_UNGUARDED_AVAILABILITY = YES_AGGRESSIVE;
				CLANG_WARN_UNREACHABLE_CODE = YES;
				CLANG_WARN__DUPLICATE_METHOD_MATCH = YES;
				COPY_PHASE_STRIP = NO;
				DEBUG_INFORMATION_FORMAT = dwarf;
				ENABLE_STRICT_OBJC_MSGSEND = YES;
				ENABLE_TESTABILITY = YES;
				ENABLE_USER_SCRIPT_SANDBOXING = YES;
				GCC_C_LANGUAGE_STANDARD = gnu17;
				GCC_DYNAMIC_NO_PIC = NO;
				GCC_NO_COMMON_BLOCKS = YES;
				GCC_OPTIMIZATION_LEVEL = 0;
				GCC_PREPROCESSOR_DEFINITIONS = (
					"DEBUG=1",
					"$(inherited)",
				);
				GCC_WARN_64_TO_32_BIT_CONVERSION = YES;
				GCC_WARN_ABOUT_RETURN_TYPE = YES_ERROR;
				GCC_WARN_UNDECLARED_SELECTOR = YES;
				GCC_WARN_UNINITIALIZED_AUTOS = YES_AGGRESSIVE;
				GCC_WARN_UNUSED_FUNCTION = YES;
				GCC_WARN_UNUSED_VARIABLE = YES;
				IPHONEOS_DEPLOYMENT_TARGET = 17.0;
				LOCALIZATION_PREFERS_STRING_CATALOGS = YES;
				MTL_ENABLE_DEBUG_INFO = INCLUDE_SOURCE;
				MTL_FAST_MATH = YES;
				ONLY_ACTIVE_ARCH = YES;
				SDKROOT = iphoneos;
				SWIFT_ACTIVE_COMPILATION_CONDITIONS = "DEBUG $(inherited)";
				SWIFT_OPTIMIZATION_LEVEL = "-Onone";
			};
			name = Debug;
		};
		5212E25E2BBA6CF700312908 /* Release */ = {
			isa = XCBuildConfiguration;
			buildSettings = {
				ALWAYS_SEARCH_USER_PATHS = NO;
				ASSETCATALOG_COMPILER_GENERATE_SWIFT_ASSET_SYMBOL_EXTENSIONS = YES;
				CLANG_ANALYZER_NONNULL = YES;
				CLANG_ANALYZER_NUMBER_OBJECT_CONVERSION = YES_AGGRESSIVE;
				CLANG_CXX_LANGUAGE_STANDARD = "gnu++20";
				CLANG_ENABLE_MODULES = YES;
				CLANG_ENABLE_OBJC_ARC = YES;
				CLANG_ENABLE_OBJC_WEAK = YES;
				CLANG_WARN_BLOCK_CAPTURE_AUTORELEASING = YES;
				CLANG_WARN_BOOL_CONVERSION = YES;
				CLANG_WARN_COMMA = YES;
				CLANG_WARN_CONSTANT_CONVERSION = YES;
				CLANG_WARN_DEPRECATED_OBJC_IMPLEMENTATIONS = YES;
				CLANG_WARN_DIRECT_OBJC_ISA_USAGE = YES_ERROR;
				CLANG_WARN_DOCUMENTATION_COMMENTS = YES;
				CLANG_WARN_EMPTY_BODY = YES;
				CLANG_WARN_ENUM_CONVERSION = YES;
				CLANG_WARN_INFINITE_RECURSION = YES;
				CLANG_WARN_INT_CONVERSION = YES;
				CLANG_WARN_NON_LITERAL_NULL_CONVERSION = YES;
				CLANG_WARN_OBJC_IMPLICIT_RETAIN_SELF = YES;
				CLANG_WARN_OBJC_LITERAL_CONVERSION = YES;
				CLANG_WARN_OBJC_ROOT_CLASS = YES_ERROR;
				CLANG_WARN_QUOTED_INCLUDE_IN_FRAMEWORK_HEADER = YES;
				CLANG_WARN_RANGE_LOOP_ANALYSIS = YES;
				CLANG_WARN_STRICT_PROTOTYPES = YES;
				CLANG_WARN_SUSPICIOUS_MOVE = YES;
				CLANG_WARN_UNGUARDED_AVAILABILITY = YES_AGGRESSIVE;
				CLANG_WARN_UNREACHABLE_CODE = YES;
				CLANG_WARN__DUPLICATE_METHOD_MATCH = YES;
				COPY_PHASE_STRIP = NO;
				DEBUG_INFORMATION_FORMAT = "dwarf-with-dsym";
				ENABLE_NS_ASSERTIONS = NO;
				ENABLE_STRICT_OBJC_MSGSEND = YES;
				ENABLE_USER_SCRIPT_SANDBOXING = YES;
				GCC_C_LANGUAGE_STANDARD = gnu17;
				GCC_NO_COMMON_BLOCKS = YES;
				GCC_WARN_64_TO_32_BIT_CONVERSION = YES;
				GCC_WARN_ABOUT_RETURN_TYPE = YES_ERROR;
				GCC_WARN_UNDECLARED_SELECTOR = YES;
				GCC_WARN_UNINITIALIZED_AUTOS = YES_AGGRESSIVE;
				GCC_WARN_UNUSED_FUNCTION = YES;
				GCC_WARN_UNUSED_VARIABLE = YES;
				IPHONEOS_DEPLOYMENT_TARGET = 17.0;
				LOCALIZATION_PREFERS_STRING_CATALOGS = YES;
				MTL_ENABLE_DEBUG_INFO = NO;
				MTL_FAST_MATH = YES;
				SDKROOT = iphoneos;
				SWIFT_COMPILATION_MODE = wholemodule;
				VALIDATE_PRODUCT = YES;
			};
			name = Release;
		};
		5212E2602BBA6CF700312908 /* Debug */ = {
			isa = XCBuildConfiguration;
			buildSettings = {
				ASSETCATALOG_COMPILER_APPICON_NAME = AppIcon;
				ASSETCATALOG_COMPILER_GLOBAL_ACCENT_COLOR_NAME = AccentColor;
				CODE_SIGN_STYLE = Automatic;
				CURRENT_PROJECT_VERSION = 1;
				GENERATE_INFOPLIST_FILE = YES;
				INFOPLIST_FILE = AppleStore/Info.plist;
				INFOPLIST_KEY_UIApplicationSupportsIndirectInputEvents = YES;
				INFOPLIST_KEY_UILaunchStoryboardName = LaunchScreen;
				INFOPLIST_KEY_UIMainStoryboardFile = Main;
				INFOPLIST_KEY_UISupportedInterfaceOrientations_iPad = "UIInterfaceOrientationPortrait UIInterfaceOrientationPortraitUpsideDown UIInterfaceOrientationLandscapeLeft UIInterfaceOrientationLandscapeRight";
				INFOPLIST_KEY_UISupportedInterfaceOrientations_iPhone = "UIInterfaceOrientationPortrait UIInterfaceOrientationLandscapeLeft UIInterfaceOrientationLandscapeRight";
				IPHONEOS_DEPLOYMENT_TARGET = 14.0;
				LD_RUNPATH_SEARCH_PATHS = (
					"$(inherited)",
					"@executable_path/Frameworks",
				);
				MARKETING_VERSION = 1.0;
				PRODUCT_BUNDLE_IDENTIFIER = com.sngsp.AppleStore;
				PRODUCT_NAME = "$(TARGET_NAME)";
				SUPPORTED_PLATFORMS = "iphoneos iphonesimulator";
				SUPPORTS_MACCATALYST = NO;
				SUPPORTS_MAC_DESIGNED_FOR_IPHONE_IPAD = NO;
				SWIFT_EMIT_LOC_STRINGS = YES;
				SWIFT_VERSION = 5.0;
				TARGETED_DEVICE_FAMILY = 1;
			};
			name = Debug;
		};
		5212E2612BBA6CF700312908 /* Release */ = {
			isa = XCBuildConfiguration;
			buildSettings = {
				ASSETCATALOG_COMPILER_APPICON_NAME = AppIcon;
				ASSETCATALOG_COMPILER_GLOBAL_ACCENT_COLOR_NAME = AccentColor;
				CODE_SIGN_STYLE = Automatic;
				CURRENT_PROJECT_VERSION = 1;
				GENERATE_INFOPLIST_FILE = YES;
				INFOPLIST_FILE = AppleStore/Info.plist;
				INFOPLIST_KEY_UIApplicationSupportsIndirectInputEvents = YES;
				INFOPLIST_KEY_UILaunchStoryboardName = LaunchScreen;
				INFOPLIST_KEY_UIMainStoryboardFile = Main;
				INFOPLIST_KEY_UISupportedInterfaceOrientations_iPad = "UIInterfaceOrientationPortrait UIInterfaceOrientationPortraitUpsideDown UIInterfaceOrientationLandscapeLeft UIInterfaceOrientationLandscapeRight";
				INFOPLIST_KEY_UISupportedInterfaceOrientations_iPhone = "UIInterfaceOrientationPortrait UIInterfaceOrientationLandscapeLeft UIInterfaceOrientationLandscapeRight";
				IPHONEOS_DEPLOYMENT_TARGET = 14.0;
				LD_RUNPATH_SEARCH_PATHS = (
					"$(inherited)",
					"@executable_path/Frameworks",
				);
				MARKETING_VERSION = 1.0;
				PRODUCT_BUNDLE_IDENTIFIER = com.sngsp.AppleStore;
				PRODUCT_NAME = "$(TARGET_NAME)";
				SUPPORTED_PLATFORMS = "iphoneos iphonesimulator";
				SUPPORTS_MACCATALYST = NO;
				SUPPORTS_MAC_DESIGNED_FOR_IPHONE_IPAD = NO;
				SWIFT_EMIT_LOC_STRINGS = YES;
				SWIFT_VERSION = 5.0;
				TARGETED_DEVICE_FAMILY = 1;
			};
			name = Release;
		};
/* End XCBuildConfiguration section */

/* Begin XCConfigurationList section */
		5212E2462BBA6CF500312908 /* Build configuration list for PBXProject "AppleStore" */ = {
			isa = XCConfigurationList;
			buildConfigurations = (
				5212E25D2BBA6CF700312908 /* Debug */,
				5212E25E2BBA6CF700312908 /* Release */,
			);
			defaultConfigurationIsVisible = 0;
			defaultConfigurationName = Release;
		};
		5212E25F2BBA6CF700312908 /* Build configuration list for PBXNativeTarget "AppleStore" */ = {
			isa = XCConfigurationList;
			buildConfigurations = (
				5212E2602BBA6CF700312908 /* Debug */,
				5212E2612BBA6CF700312908 /* Release */,
			);
			defaultConfigurationIsVisible = 0;
			defaultConfigurationName = Release;
		};
/* End XCConfigurationList section */
	};
	rootObject = 5212E2432BBA6CF500312908 /* Project object */;
}
